
Microsoft Visual Studio Solution File, Format Version 12.00
# Visual Studio Version 16
VisualStudioVersion = 16.0.32802.440
MinimumVisualStudioVersion = 10.0.40219.1
Project("{FAE04EC0-301F-11D3-BF4B-00C04F79EFBC}") = "WinApi", "WinApi\WinApi.csproj", "{50AC5C73-0D00-4499-9196-7454AFB636DA}"
EndProject
Global
	GlobalSection(SolutionConfigurationPlatforms) = preSolution
		Debug|Any CPU = Debug|Any CPU
		Debug|x64 = Debug|x64
		Debug|x86 = Debug|x86
		Release|Any CPU = Release|Any CPU
		Release|x64 = Release|x64
		Release|x86 = Release|x86
	EndGlobalSection
	GlobalSection(ProjectConfigurationPlatforms) = postSolution
		{50AC5C73-0D00-4499-9196-7454AFB636DA}.Debug|Any CPU.ActiveCfg = Debug|Any CPU
		{50AC5C73-0D00-4499-9196-7454AFB636DA}.Debug|Any CPU.Build.0 = Debug|Any CPU
		{50AC5C73-0D00-4499-9196-7454AFB636DA}.Debug|x64.ActiveCfg = Debug|x64
		{50AC5C73-0D00-4499-9196-7454AFB636DA}.Debug|x64.Build.0 = Debug|x64
		{50AC5C73-0D00-4499-9196-7454AFB636DA}.Debug|x86.ActiveCfg = Debug|x86
		{50AC5C73-0D00-4499-9196-7454AFB636DA}.Debug|x86.Build.0 = Debug|x86
		{50AC5C73-0D00-4499-9196-7454AFB636DA}.Release|Any CPU.ActiveCfg = Release|Any CPU
		{50AC5C73-0D00-4499-9196-7454AFB636DA}.Release|Any CPU.Build.0 = Release|Any CPU
		{50AC5C73-0D00-4499-9196-7454AFB636DA}.Release|x64.ActiveCfg = Release|x64
		{50AC5C73-0D00-4499-9196-7454AFB636DA}.Release|x64.Build.0 = Release|x64
		{50AC5C73-0D00-4499-9196-7454AFB636DA}.Release|x86.ActiveCfg = Release|x86
		{50AC5C73-0D00-4499-9196-7454AFB636DA}.Release|x86.Build.0 = Release|x86
	EndGlobalSection
	GlobalSection(SolutionProperties) = preSolution
		HideSolutionNode = FALSE
	EndGlobalSection
	GlobalSection(ExtensibilityGlobals) = postSolution
		SolutionGuid = {2F8FA9E9-BCE8-4345-BB77-CE9760D0252F}
	EndGlobalSection
EndGlobal
